# This file is automatically @generated by Poetry and should not be changed by hand.

[[package]]
name = "aiofiles"
version = "22.1.0"
description = "File support for asyncio."
category = "main"
optional = false
python-versions = ">=3.7,<4.0"
files = [
    {file = "aiofiles-22.1.0-py3-none-any.whl", hash = "sha256:1142fa8e80dbae46bb6339573ad4c8c0841358f79c6eb50a493dceca14621bad"},
    {file = "aiofiles-22.1.0.tar.gz", hash = "sha256:9107f1ca0b2a5553987a94a3c9959fe5b491fdf731389aa5b7b1bd0733e32de6"},
]

[[package]]
name = "anyio"
version = "3.6.2"
description = "High level compatibility layer for multiple asynchronous event loop implementations"
category = "main"
optional = false
python-versions = ">=3.6.2"
files = [
    {file = "anyio-3.6.2-py3-none-any.whl", hash = "sha256:fbbe32bd270d2a2ef3ed1c5d45041250284e31fc0a4df4a5a6071842051a51e3"},
    {file = "anyio-3.6.2.tar.gz", hash = "sha256:25ea0d673ae30af41a0c442f81cf3b38c7e79fdc7b60335a4c14e05eb0947421"},
]

[package.dependencies]
idna = ">=2.8"
sniffio = ">=1.1"

[package.extras]
doc = ["packaging", "sphinx-autodoc-typehints (>=1.2.0)", "sphinx-rtd-theme"]
test = ["contextlib2", "coverage[toml] (>=4.5)", "hypothesis (>=4.0)", "mock (>=4)", "pytest (>=7.0)", "pytest-mock (>=3.6.1)", "trustme", "uvloop (<0.15)", "uvloop (>=0.15)"]
trio = ["trio (>=0.16,<0.22)"]

[[package]]
name = "attrs"
version = "22.2.0"
description = "Classes Without Boilerplate"
category = "dev"
optional = false
python-versions = ">=3.6"
files = [
    {file = "attrs-22.2.0-py3-none-any.whl", hash = "sha256:29e95c7f6778868dbd49170f98f8818f78f3dc5e0e37c0b1f474e3561b240836"},
    {file = "attrs-22.2.0.tar.gz", hash = "sha256:c9227bfc2f01993c03f68db37d1d15c9690188323c067c641f1a35ca58185f99"},
]

[package.extras]
cov = ["attrs[tests]", "coverage-enable-subprocess", "coverage[toml] (>=5.3)"]
dev = ["attrs[docs,tests]"]
docs = ["furo", "myst-parser", "sphinx", "sphinx-notfound-page", "sphinxcontrib-towncrier", "towncrier", "zope.interface"]
tests = ["attrs[tests-no-zope]", "zope.interface"]
tests-no-zope = ["cloudpickle", "cloudpickle", "hypothesis", "hypothesis", "mypy (>=0.971,<0.990)", "mypy (>=0.971,<0.990)", "pympler", "pympler", "pytest (>=4.3.0)", "pytest (>=4.3.0)", "pytest-mypy-plugins", "pytest-mypy-plugins", "pytest-xdist[psutil]", "pytest-xdist[psutil]"]

[[package]]
name = "certifi"
version = "2022.12.7"
description = "Python package for providing Mozilla's CA Bundle."
category = "main"
optional = false
python-versions = ">=3.6"
files = [
    {file = "certifi-2022.12.7-py3-none-any.whl", hash = "sha256:4ad3232f5e926d6718ec31cfc1fcadfde020920e278684144551c91769c7bc18"},
    {file = "certifi-2022.12.7.tar.gz", hash = "sha256:35824b4c3a97115964b408844d64aa14db1cc518f6562e8d7261699d1350a9e3"},
]

[[package]]
name = "colorama"
version = "0.4.6"
description = "Cross-platform colored terminal text."
category = "dev"
optional = false
python-versions = "!=3.0.*,!=3.1.*,!=3.2.*,!=3.3.*,!=3.4.*,!=3.5.*,!=3.6.*,>=2.7"
files = [
    {file = "colorama-0.4.6-py2.py3-none-any.whl", hash = "sha256:4f1d9991f5acc0ca119f9d443620b77f9d6b33703e51011c16baf57afb285fc6"},
    {file = "colorama-0.4.6.tar.gz", hash = "sha256:08695f5cb7ed6e0531a20572697297273c47b8cae5a63ffc6d6ed5c201be6e44"},
]

[[package]]
name = "exceptiongroup"
version = "1.1.0"
description = "Backport of PEP 654 (exception groups)"
category = "dev"
optional = false
python-versions = ">=3.7"
files = [
    {file = "exceptiongroup-1.1.0-py3-none-any.whl", hash = "sha256:327cbda3da756e2de031a3107b81ab7b3770a602c4d16ca618298c526f4bec1e"},
    {file = "exceptiongroup-1.1.0.tar.gz", hash = "sha256:bcb67d800a4497e1b404c2dd44fca47d3b7a5e5433dbab67f96c1a685cdfdf23"},
]

[package.extras]
test = ["pytest (>=6)"]

[[package]]
name = "h11"
version = "0.14.0"
description = "A pure-Python, bring-your-own-I/O implementation of HTTP/1.1"
category = "main"
optional = false
python-versions = ">=3.7"
files = [
    {file = "h11-0.14.0-py3-none-any.whl", hash = "sha256:e3fe4ac4b851c468cc8363d500db52c2ead036020723024a109d37346efaa761"},
    {file = "h11-0.14.0.tar.gz", hash = "sha256:8f19fbbe99e72420ff35c00b27a34cb9937e902a8b810e2c88300c6f0a3b699d"},
]

[[package]]
name = "httpcore"
version = "0.16.3"
description = "A minimal low-level HTTP client."
category = "main"
optional = false
python-versions = ">=3.7"
files = [
    {file = "httpcore-0.16.3-py3-none-any.whl", hash = "sha256:da1fb708784a938aa084bde4feb8317056c55037247c787bd7e19eb2c2949dc0"},
    {file = "httpcore-0.16.3.tar.gz", hash = "sha256:c5d6f04e2fc530f39e0c077e6a30caa53f1451096120f1f38b954afd0b17c0cb"},
]

[package.dependencies]
anyio = ">=3.0,<5.0"
certifi = "*"
h11 = ">=0.13,<0.15"
sniffio = ">=1.0.0,<2.0.0"

[package.extras]
http2 = ["h2 (>=3,<5)"]
socks = ["socksio (>=1.0.0,<2.0.0)"]

[[package]]
name = "httpx"
version = "0.23.3"
description = "The next generation HTTP client."
category = "main"
optional = false
python-versions = ">=3.7"
files = [
    {file = "httpx-0.23.3-py3-none-any.whl", hash = "sha256:a211fcce9b1254ea24f0cd6af9869b3d29aba40154e947d2a07bb499b3e310d6"},
    {file = "httpx-0.23.3.tar.gz", hash = "sha256:9818458eb565bb54898ccb9b8b251a28785dd4a55afbc23d0eb410754fe7d0f9"},
]

[package.dependencies]
certifi = "*"
httpcore = ">=0.15.0,<0.17.0"
rfc3986 = {version = ">=1.3,<2", extras = ["idna2008"]}
sniffio = "*"

[package.extras]
brotli = ["brotli", "brotlicffi"]
cli = ["click (>=8.0.0,<9.0.0)", "pygments (>=2.0.0,<3.0.0)", "rich (>=10,<13)"]
http2 = ["h2 (>=3,<5)"]
socks = ["socksio (>=1.0.0,<2.0.0)"]

[[package]]
name = "idna"
version = "3.4"
description = "Internationalized Domain Names in Applications (IDNA)"
category = "main"
optional = false
python-versions = ">=3.5"
files = [
    {file = "idna-3.4-py3-none-any.whl", hash = "sha256:90b77e79eaa3eba6de819a0c442c0b4ceefc341a7a2ab77d7562bf49f425c5c2"},
    {file = "idna-3.4.tar.gz", hash = "sha256:814f528e8dead7d329833b91c5faa87d60bf71824cd12a7530b5526063d02cb4"},
]

[[package]]
name = "iniconfig"
version = "2.0.0"
description = "brain-dead simple config-ini parsing"
category = "dev"
optional = false
python-versions = ">=3.7"
files = [
    {file = "iniconfig-2.0.0-py3-none-any.whl", hash = "sha256:b6a85871a79d2e3b22d2d1b94ac2824226a63c6b741c88f7ae975f18b6778374"},
    {file = "iniconfig-2.0.0.tar.gz", hash = "sha256:2d91e135bf72d31a410b17c16da610a82cb55f6b0477d1a902134b24a455b8b3"},
]

[[package]]
name = "packaging"
version = "23.0"
description = "Core utilities for Python packages"
category = "dev"
optional = false
python-versions = ">=3.7"
files = [
    {file = "packaging-23.0-py3-none-any.whl", hash = "sha256:714ac14496c3e68c99c29b00845f7a2b85f3bb6f1078fd9f72fd20f0570002b2"},
    {file = "packaging-23.0.tar.gz", hash = "sha256:b6ad297f8907de0fa2fe1ccbd26fdaf387f5f47c7275fedf8cce89f99446cf97"},
]

[[package]]
name = "pillow"
version = "9.4.0"
description = "Python Imaging Library (Fork)"
category = "main"
optional = false
python-versions = ">=3.7"
files = [
    {file = "Pillow-9.4.0-1-cp310-cp310-macosx_10_10_x86_64.whl", hash = "sha256:1b4b4e9dda4f4e4c4e6896f93e84a8f0bcca3b059de9ddf67dac3c334b1195e1"},
    {file = "Pillow-9.4.0-1-cp311-cp311-macosx_10_10_x86_64.whl", hash = "sha256:fb5c1ad6bad98c57482236a21bf985ab0ef42bd51f7ad4e4538e89a997624e12"},
    {file = "Pillow-9.4.0-1-cp37-cp37m-macosx_10_10_x86_64.whl", hash = "sha256:f0caf4a5dcf610d96c3bd32932bfac8aee61c96e60481c2a0ea58da435e25acd"},
    {file = "Pillow-9.4.0-1-cp38-cp38-macosx_10_10_x86_64.whl", hash = "sha256:3f4cc516e0b264c8d4ccd6b6cbc69a07c6d582d8337df79be1e15a5056b258c9"},
    {file = "Pillow-9.4.0-1-cp39-cp39-macosx_10_10_x86_64.whl", hash = "sha256:b8c2f6eb0df979ee99433d8b3f6d193d9590f735cf12274c108bd954e30ca858"},
    {file = "Pillow-9.4.0-1-pp38-pypy38_pp73-macosx_10_10_x86_64.whl", hash = "sha256:b70756ec9417c34e097f987b4d8c510975216ad26ba6e57ccb53bc758f490dab"},
    {file = "Pillow-9.4.0-1-pp39-pypy39_pp73-macosx_10_10_x86_64.whl", hash = "sha256:43521ce2c4b865d385e78579a082b6ad1166ebed2b1a2293c3be1d68dd7ca3b9"},
    {file = "Pillow-9.4.0-2-cp310-cp310-macosx_10_10_x86_64.whl", hash = "sha256:9d9a62576b68cd90f7075876f4e8444487db5eeea0e4df3ba298ee38a8d067b0"},
    {file = "Pillow-9.4.0-2-cp311-cp311-macosx_10_10_x86_64.whl", hash = "sha256:87708d78a14d56a990fbf4f9cb350b7d89ee8988705e58e39bdf4d82c149210f"},
    {file = "Pillow-9.4.0-2-cp37-cp37m-macosx_10_10_x86_64.whl", hash = "sha256:8a2b5874d17e72dfb80d917213abd55d7e1ed2479f38f001f264f7ce7bae757c"},
    {file = "Pillow-9.4.0-2-cp38-cp38-macosx_10_10_x86_64.whl", hash = "sha256:83125753a60cfc8c412de5896d10a0a405e0bd88d0470ad82e0869ddf0cb3848"},
    {file = "Pillow-9.4.0-2-cp39-cp39-macosx_10_10_x86_64.whl", hash = "sha256:9e5f94742033898bfe84c93c831a6f552bb629448d4072dd312306bab3bd96f1"},
    {file = "Pillow-9.4.0-2-pp38-pypy38_pp73-macosx_10_10_x86_64.whl", hash = "sha256:013016af6b3a12a2f40b704677f8b51f72cb007dac785a9933d5c86a72a7fe33"},
    {file = "Pillow-9.4.0-2-pp39-pypy39_pp73-macosx_10_10_x86_64.whl", hash = "sha256:99d92d148dd03fd19d16175b6d355cc1b01faf80dae93c6c3eb4163709edc0a9"},
    {file = "Pillow-9.4.0-cp310-cp310-macosx_10_10_x86_64.whl", hash = "sha256:2968c58feca624bb6c8502f9564dd187d0e1389964898f5e9e1fbc8533169157"},
    {file = "Pillow-9.4.0-cp310-cp310-macosx_11_0_arm64.whl", hash = "sha256:c5c1362c14aee73f50143d74389b2c158707b4abce2cb055b7ad37ce60738d47"},
    {file = "Pillow-9.4.0-cp310-cp310-manylinux_2_17_aarch64.manylinux2014_aarch64.whl", hash = "sha256:bd752c5ff1b4a870b7661234694f24b1d2b9076b8bf337321a814c612665f343"},
    {file = "Pillow-9.4.0-cp310-cp310-manylinux_2_17_i686.manylinux2014_i686.whl", hash = "sha256:9a3049a10261d7f2b6514d35bbb7a4dfc3ece4c4de14ef5876c4b7a23a0e566d"},
    {file = "Pillow-9.4.0-cp310-cp310-manylinux_2_17_x86_64.manylinux2014_x86_64.whl", hash = "sha256:16a8df99701f9095bea8a6c4b3197da105df6f74e6176c5b410bc2df2fd29a57"},
    {file = "Pillow-9.4.0-cp310-cp310-manylinux_2_28_aarch64.whl", hash = "sha256:94cdff45173b1919350601f82d61365e792895e3c3a3443cf99819e6fbf717a5"},
    {file = "Pillow-9.4.0-cp310-cp310-manylinux_2_28_x86_64.whl", hash = "sha256:ed3e4b4e1e6de75fdc16d3259098de7c6571b1a6cc863b1a49e7d3d53e036070"},
    {file = "Pillow-9.4.0-cp310-cp310-musllinux_1_1_aarch64.whl", hash = "sha256:d5b2f8a31bd43e0f18172d8ac82347c8f37ef3e0b414431157718aa234991b28"},
    {file = "Pillow-9.4.0-cp310-cp310-musllinux_1_1_x86_64.whl", hash = "sha256:09b89ddc95c248ee788328528e6a2996e09eaccddeeb82a5356e92645733be35"},
    {file = "Pillow-9.4.0-cp310-cp310-win32.whl", hash = "sha256:f09598b416ba39a8f489c124447b007fe865f786a89dbfa48bb5cf395693132a"},
    {file = "Pillow-9.4.0-cp310-cp310-win_amd64.whl", hash = "sha256:f6e78171be3fb7941f9910ea15b4b14ec27725865a73c15277bc39f5ca4f8391"},
    {file = "Pillow-9.4.0-cp311-cp311-macosx_10_10_x86_64.whl", hash = "sha256:3fa1284762aacca6dc97474ee9c16f83990b8eeb6697f2ba17140d54b453e133"},
    {file = "Pillow-9.4.0-cp311-cp311-macosx_11_0_arm64.whl", hash = "sha256:eaef5d2de3c7e9b21f1e762f289d17b726c2239a42b11e25446abf82b26ac132"},
    {file = "Pillow-9.4.0-cp311-cp311-manylinux_2_17_aarch64.manylinux2014_aarch64.whl", hash = "sha256:a4dfdae195335abb4e89cc9762b2edc524f3c6e80d647a9a81bf81e17e3fb6f0"},
    {file = "Pillow-9.4.0-cp311-cp311-manylinux_2_17_i686.manylinux2014_i686.whl", hash = "sha256:6abfb51a82e919e3933eb137e17c4ae9c0475a25508ea88993bb59faf82f3b35"},
    {file = "Pillow-9.4.0-cp311-cp311-manylinux_2_17_x86_64.manylinux2014_x86_64.whl", hash = "sha256:451f10ef963918e65b8869e17d67db5e2f4ab40e716ee6ce7129b0cde2876eab"},
    {file = "Pillow-9.4.0-cp311-cp311-manylinux_2_28_aarch64.whl", hash = "sha256:6663977496d616b618b6cfa43ec86e479ee62b942e1da76a2c3daa1c75933ef4"},
    {file = "Pillow-9.4.0-cp311-cp311-manylinux_2_28_x86_64.whl", hash = "sha256:60e7da3a3ad1812c128750fc1bc14a7ceeb8d29f77e0a2356a8fb2aa8925287d"},
    {file = "Pillow-9.4.0-cp311-cp311-musllinux_1_1_aarch64.whl", hash = "sha256:19005a8e58b7c1796bc0167862b1f54a64d3b44ee5d48152b06bb861458bc0f8"},
    {file = "Pillow-9.4.0-cp311-cp311-musllinux_1_1_x86_64.whl", hash = "sha256:f715c32e774a60a337b2bb8ad9839b4abf75b267a0f18806f6f4f5f1688c4b5a"},
    {file = "Pillow-9.4.0-cp311-cp311-win32.whl", hash = "sha256:b222090c455d6d1a64e6b7bb5f4035c4dff479e22455c9eaa1bdd4c75b52c80c"},
    {file = "Pillow-9.4.0-cp311-cp311-win_amd64.whl", hash = "sha256:ba6612b6548220ff5e9df85261bddc811a057b0b465a1226b39bfb8550616aee"},
    {file = "Pillow-9.4.0-cp37-cp37m-macosx_10_10_x86_64.whl", hash = "sha256:5f532a2ad4d174eb73494e7397988e22bf427f91acc8e6ebf5bb10597b49c493"},
    {file = "Pillow-9.4.0-cp37-cp37m-manylinux_2_17_aarch64.manylinux2014_aarch64.whl", hash = "sha256:5dd5a9c3091a0f414a963d427f920368e2b6a4c2f7527fdd82cde8ef0bc7a327"},
    {file = "Pillow-9.4.0-cp37-cp37m-manylinux_2_17_i686.manylinux2014_i686.whl", hash = "sha256:ef21af928e807f10bf4141cad4746eee692a0dd3ff56cfb25fce076ec3cc8abe"},
    {file = "Pillow-9.4.0-cp37-cp37m-manylinux_2_17_x86_64.manylinux2014_x86_64.whl", hash = "sha256:847b114580c5cc9ebaf216dd8c8dbc6b00a3b7ab0131e173d7120e6deade1f57"},
    {file = "Pillow-9.4.0-cp37-cp37m-manylinux_2_28_aarch64.whl", hash = "sha256:653d7fb2df65efefbcbf81ef5fe5e5be931f1ee4332c2893ca638c9b11a409c4"},
    {file = "Pillow-9.4.0-cp37-cp37m-manylinux_2_28_x86_64.whl", hash = "sha256:46f39cab8bbf4a384ba7cb0bc8bae7b7062b6a11cfac1ca4bc144dea90d4a9f5"},
    {file = "Pillow-9.4.0-cp37-cp37m-win32.whl", hash = "sha256:7ac7594397698f77bce84382929747130765f66406dc2cd8b4ab4da68ade4c6e"},
    {file = "Pillow-9.4.0-cp37-cp37m-win_amd64.whl", hash = "sha256:46c259e87199041583658457372a183636ae8cd56dbf3f0755e0f376a7f9d0e6"},
    {file = "Pillow-9.4.0-cp38-cp38-macosx_10_10_x86_64.whl", hash = "sha256:0e51f608da093e5d9038c592b5b575cadc12fd748af1479b5e858045fff955a9"},
    {file = "Pillow-9.4.0-cp38-cp38-macosx_11_0_arm64.whl", hash = "sha256:765cb54c0b8724a7c12c55146ae4647e0274a839fb6de7bcba841e04298e1011"},
    {file = "Pillow-9.4.0-cp38-cp38-manylinux_2_17_aarch64.manylinux2014_aarch64.whl", hash = "sha256:519e14e2c49fcf7616d6d2cfc5c70adae95682ae20f0395e9280db85e8d6c4df"},
    {file = "Pillow-9.4.0-cp38-cp38-manylinux_2_17_i686.manylinux2014_i686.whl", hash = "sha256:d197df5489004db87d90b918033edbeee0bd6df3848a204bca3ff0a903bef837"},
    {file = "Pillow-9.4.0-cp38-cp38-manylinux_2_17_x86_64.manylinux2014_x86_64.whl", hash = "sha256:0845adc64fe9886db00f5ab68c4a8cd933ab749a87747555cec1c95acea64b0b"},
    {file = "Pillow-9.4.0-cp38-cp38-manylinux_2_28_aarch64.whl", hash = "sha256:e1339790c083c5a4de48f688b4841f18df839eb3c9584a770cbd818b33e26d5d"},
    {file = "Pillow-9.4.0-cp38-cp38-manylinux_2_28_x86_64.whl", hash = "sha256:a96e6e23f2b79433390273eaf8cc94fec9c6370842e577ab10dabdcc7ea0a66b"},
    {file = "Pillow-9.4.0-cp38-cp38-musllinux_1_1_aarch64.whl", hash = "sha256:7cfc287da09f9d2a7ec146ee4d72d6ea1342e770d975e49a8621bf54eaa8f30f"},
    {file = "Pillow-9.4.0-cp38-cp38-musllinux_1_1_x86_64.whl", hash = "sha256:d7081c084ceb58278dd3cf81f836bc818978c0ccc770cbbb202125ddabec6628"},
    {file = "Pillow-9.4.0-cp38-cp38-win32.whl", hash = "sha256:df41112ccce5d47770a0c13651479fbcd8793f34232a2dd9faeccb75eb5d0d0d"},
    {file = "Pillow-9.4.0-cp38-cp38-win_amd64.whl", hash = "sha256:7a21222644ab69ddd9967cfe6f2bb420b460dae4289c9d40ff9a4896e7c35c9a"},
    {file = "Pillow-9.4.0-cp39-cp39-macosx_10_10_x86_64.whl", hash = "sha256:0f3269304c1a7ce82f1759c12ce731ef9b6e95b6df829dccd9fe42912cc48569"},
    {file = "Pillow-9.4.0-cp39-cp39-macosx_11_0_arm64.whl", hash = "sha256:cb362e3b0976dc994857391b776ddaa8c13c28a16f80ac6522c23d5257156bed"},
    {file = "Pillow-9.4.0-cp39-cp39-manylinux_2_17_aarch64.manylinux2014_aarch64.whl", hash = "sha256:a2e0f87144fcbbe54297cae708c5e7f9da21a4646523456b00cc956bd4c65815"},
    {file = "Pillow-9.4.0-cp39-cp39-manylinux_2_17_i686.manylinux2014_i686.whl", hash = "sha256:28676836c7796805914b76b1837a40f76827ee0d5398f72f7dcc634bae7c6264"},
    {file = "Pillow-9.4.0-cp39-cp39-manylinux_2_17_x86_64.manylinux2014_x86_64.whl", hash = "sha256:0884ba7b515163a1a05440a138adeb722b8a6ae2c2b33aea93ea3118dd3a899e"},
    {file = "Pillow-9.4.0-cp39-cp39-manylinux_2_28_aarch64.whl", hash = "sha256:53dcb50fbdc3fb2c55431a9b30caeb2f7027fcd2aeb501459464f0214200a503"},
    {file = "Pillow-9.4.0-cp39-cp39-manylinux_2_28_x86_64.whl", hash = "sha256:e8c5cf126889a4de385c02a2c3d3aba4b00f70234bfddae82a5eaa3ee6d5e3e6"},
    {file = "Pillow-9.4.0-cp39-cp39-musllinux_1_1_aarch64.whl", hash = "sha256:6c6b1389ed66cdd174d040105123a5a1bc91d0aa7059c7261d20e583b6d8cbd2"},
    {file = "Pillow-9.4.0-cp39-cp39-musllinux_1_1_x86_64.whl", hash = "sha256:0dd4c681b82214b36273c18ca7ee87065a50e013112eea7d78c7a1b89a739153"},
    {file = "Pillow-9.4.0-cp39-cp39-win32.whl", hash = "sha256:6d9dfb9959a3b0039ee06c1a1a90dc23bac3b430842dcb97908ddde05870601c"},
    {file = "Pillow-9.4.0-cp39-cp39-win_amd64.whl", hash = "sha256:54614444887e0d3043557d9dbc697dbb16cfb5a35d672b7a0fcc1ed0cf1c600b"},
    {file = "Pillow-9.4.0-pp38-pypy38_pp73-macosx_10_10_x86_64.whl", hash = "sha256:b9b752ab91e78234941e44abdecc07f1f0d8f51fb62941d32995b8161f68cfe5"},
    {file = "Pillow-9.4.0-pp38-pypy38_pp73-manylinux_2_17_i686.manylinux2014_i686.whl", hash = "sha256:d3b56206244dc8711f7e8b7d6cad4663917cd5b2d950799425076681e8766286"},
    {file = "Pillow-9.4.0-pp38-pypy38_pp73-manylinux_2_17_x86_64.manylinux2014_x86_64.whl", hash = "sha256:aabdab8ec1e7ca7f1434d042bf8b1e92056245fb179790dc97ed040361f16bfd"},
    {file = "Pillow-9.4.0-pp38-pypy38_pp73-manylinux_2_28_x86_64.whl", hash = "sha256:db74f5562c09953b2c5f8ec4b7dfd3f5421f31811e97d1dbc0a7c93d6e3a24df"},
    {file = "Pillow-9.4.0-pp38-pypy38_pp73-win_amd64.whl", hash = "sha256:e9d7747847c53a16a729b6ee5e737cf170f7a16611c143d95aa60a109a59c336"},
    {file = "Pillow-9.4.0-pp39-pypy39_pp73-macosx_10_10_x86_64.whl", hash = "sha256:b52ff4f4e002f828ea6483faf4c4e8deea8d743cf801b74910243c58acc6eda3"},
    {file = "Pillow-9.4.0-pp39-pypy39_pp73-manylinux_2_17_i686.manylinux2014_i686.whl", hash = "sha256:575d8912dca808edd9acd6f7795199332696d3469665ef26163cd090fa1f8bfa"},
    {file = "Pillow-9.4.0-pp39-pypy39_pp73-manylinux_2_17_x86_64.manylinux2014_x86_64.whl", hash = "sha256:c3c4ed2ff6760e98d262e0cc9c9a7f7b8a9f61aa4d47c58835cdaf7b0b8811bb"},
    {file = "Pillow-9.4.0-pp39-pypy39_pp73-manylinux_2_28_x86_64.whl", hash = "sha256:e621b0246192d3b9cb1dc62c78cfa4c6f6d2ddc0ec207d43c0dedecb914f152a"},
    {file = "Pillow-9.4.0-pp39-pypy39_pp73-win_amd64.whl", hash = "sha256:8f127e7b028900421cad64f51f75c051b628db17fb00e099eb148761eed598c9"},
    {file = "Pillow-9.4.0.tar.gz", hash = "sha256:a1c2d7780448eb93fbcc3789bf3916aa5720d942e37945f4056680317f1cd23e"},
]

[package.extras]
docs = ["furo", "olefile", "sphinx (>=2.4)", "sphinx-copybutton", "sphinx-inline-tabs", "sphinx-issues (>=3.0.1)", "sphinx-removed-in", "sphinxext-opengraph"]
tests = ["check-manifest", "coverage", "defusedxml", "markdown2", "olefile", "packaging", "pyroma", "pytest", "pytest-cov", "pytest-timeout"]

[[package]]
name = "pluggy"
version = "1.0.0"
description = "plugin and hook calling mechanisms for python"
category = "dev"
optional = false
python-versions = ">=3.6"
files = [
    {file = "pluggy-1.0.0-py2.py3-none-any.whl", hash = "sha256:74134bbf457f031a36d68416e1509f34bd5ccc019f0bcc952c7b909d06b37bd3"},
    {file = "pluggy-1.0.0.tar.gz", hash = "sha256:4224373bacce55f955a878bf9cfa763c1e360858e330072059e10bad68531159"},
]

[package.extras]
dev = ["pre-commit", "tox"]
testing = ["pytest", "pytest-benchmark"]

[[package]]
name = "pydantic"
version = "1.10.5"
description = "Data validation and settings management using python type hints"
category = "main"
optional = false
python-versions = ">=3.7"
files = [
    {file = "pydantic-1.10.5-cp310-cp310-macosx_10_9_x86_64.whl", hash = "sha256:5920824fe1e21cbb3e38cf0f3dd24857c8959801d1031ce1fac1d50857a03bfb"},
    {file = "pydantic-1.10.5-cp310-cp310-macosx_11_0_arm64.whl", hash = "sha256:3bb99cf9655b377db1a9e47fa4479e3330ea96f4123c6c8200e482704bf1eda2"},
    {file = "pydantic-1.10.5-cp310-cp310-manylinux_2_17_x86_64.manylinux2014_x86_64.whl", hash = "sha256:2185a3b3d98ab4506a3f6707569802d2d92c3a7ba3a9a35683a7709ea6c2aaa2"},
    {file = "pydantic-1.10.5-cp310-cp310-manylinux_2_5_i686.manylinux1_i686.manylinux_2_17_i686.manylinux2014_i686.whl", hash = "sha256:f582cac9d11c227c652d3ce8ee223d94eb06f4228b52a8adaafa9fa62e73d5c9"},
    {file = "pydantic-1.10.5-cp310-cp310-musllinux_1_1_i686.whl", hash = "sha256:c9e5b778b6842f135902e2d82624008c6a79710207e28e86966cd136c621bfee"},
    {file = "pydantic-1.10.5-cp310-cp310-musllinux_1_1_x86_64.whl", hash = "sha256:72ef3783be8cbdef6bca034606a5de3862be6b72415dc5cb1fb8ddbac110049a"},
    {file = "pydantic-1.10.5-cp310-cp310-win_amd64.whl", hash = "sha256:45edea10b75d3da43cfda12f3792833a3fa70b6eee4db1ed6aed528cef17c74e"},
    {file = "pydantic-1.10.5-cp311-cp311-macosx_10_9_x86_64.whl", hash = "sha256:63200cd8af1af2c07964546b7bc8f217e8bda9d0a2ef0ee0c797b36353914984"},
    {file = "pydantic-1.10.5-cp311-cp311-macosx_11_0_arm64.whl", hash = "sha256:305d0376c516b0dfa1dbefeae8c21042b57b496892d721905a6ec6b79494a66d"},
    {file = "pydantic-1.10.5-cp311-cp311-manylinux_2_17_x86_64.manylinux2014_x86_64.whl", hash = "sha256:1fd326aff5d6c36f05735c7c9b3d5b0e933b4ca52ad0b6e4b38038d82703d35b"},
    {file = "pydantic-1.10.5-cp311-cp311-manylinux_2_5_i686.manylinux1_i686.manylinux_2_17_i686.manylinux2014_i686.whl", hash = "sha256:6bb0452d7b8516178c969d305d9630a3c9b8cf16fcf4713261c9ebd465af0d73"},
    {file = "pydantic-1.10.5-cp311-cp311-musllinux_1_1_i686.whl", hash = "sha256:9a9d9155e2a9f38b2eb9374c88f02fd4d6851ae17b65ee786a87d032f87008f8"},
    {file = "pydantic-1.10.5-cp311-cp311-musllinux_1_1_x86_64.whl", hash = "sha256:f836444b4c5ece128b23ec36a446c9ab7f9b0f7981d0d27e13a7c366ee163f8a"},
    {file = "pydantic-1.10.5-cp311-cp311-win_amd64.whl", hash = "sha256:8481dca324e1c7b715ce091a698b181054d22072e848b6fc7895cd86f79b4449"},
    {file = "pydantic-1.10.5-cp37-cp37m-macosx_10_9_x86_64.whl", hash = "sha256:87f831e81ea0589cd18257f84386bf30154c5f4bed373b7b75e5cb0b5d53ea87"},
    {file = "pydantic-1.10.5-cp37-cp37m-manylinux_2_17_x86_64.manylinux2014_x86_64.whl", hash = "sha256:7ce1612e98c6326f10888df951a26ec1a577d8df49ddcaea87773bfbe23ba5cc"},
    {file = "pydantic-1.10.5-cp37-cp37m-manylinux_2_5_i686.manylinux1_i686.manylinux_2_17_i686.manylinux2014_i686.whl", hash = "sha256:58e41dd1e977531ac6073b11baac8c013f3cd8706a01d3dc74e86955be8b2c0c"},
    {file = "pydantic-1.10.5-cp37-cp37m-musllinux_1_1_i686.whl", hash = "sha256:6a4b0aab29061262065bbdede617ef99cc5914d1bf0ddc8bcd8e3d7928d85bd6"},
    {file = "pydantic-1.10.5-cp37-cp37m-musllinux_1_1_x86_64.whl", hash = "sha256:36e44a4de37b8aecffa81c081dbfe42c4d2bf9f6dff34d03dce157ec65eb0f15"},
    {file = "pydantic-1.10.5-cp37-cp37m-win_amd64.whl", hash = "sha256:261f357f0aecda005934e413dfd7aa4077004a174dafe414a8325e6098a8e419"},
    {file = "pydantic-1.10.5-cp38-cp38-macosx_10_9_x86_64.whl", hash = "sha256:b429f7c457aebb7fbe7cd69c418d1cd7c6fdc4d3c8697f45af78b8d5a7955760"},
    {file = "pydantic-1.10.5-cp38-cp38-macosx_11_0_arm64.whl", hash = "sha256:663d2dd78596c5fa3eb996bc3f34b8c2a592648ad10008f98d1348be7ae212fb"},
    {file = "pydantic-1.10.5-cp38-cp38-manylinux_2_17_x86_64.manylinux2014_x86_64.whl", hash = "sha256:51782fd81f09edcf265823c3bf43ff36d00db246eca39ee765ef58dc8421a642"},
    {file = "pydantic-1.10.5-cp38-cp38-manylinux_2_5_i686.manylinux1_i686.manylinux_2_17_i686.manylinux2014_i686.whl", hash = "sha256:c428c0f64a86661fb4873495c4fac430ec7a7cef2b8c1c28f3d1a7277f9ea5ab"},
    {file = "pydantic-1.10.5-cp38-cp38-musllinux_1_1_i686.whl", hash = "sha256:76c930ad0746c70f0368c4596020b736ab65b473c1f9b3872310a835d852eb19"},
    {file = "pydantic-1.10.5-cp38-cp38-musllinux_1_1_x86_64.whl", hash = "sha256:3257bd714de9db2102b742570a56bf7978e90441193acac109b1f500290f5718"},
    {file = "pydantic-1.10.5-cp38-cp38-win_amd64.whl", hash = "sha256:f5bee6c523d13944a1fdc6f0525bc86dbbd94372f17b83fa6331aabacc8fd08e"},
    {file = "pydantic-1.10.5-cp39-cp39-macosx_10_9_x86_64.whl", hash = "sha256:532e97c35719f137ee5405bd3eeddc5c06eb91a032bc755a44e34a712420daf3"},
    {file = "pydantic-1.10.5-cp39-cp39-macosx_11_0_arm64.whl", hash = "sha256:ca9075ab3de9e48b75fa8ccb897c34ccc1519177ad8841d99f7fd74cf43be5bf"},
    {file = "pydantic-1.10.5-cp39-cp39-manylinux_2_17_x86_64.manylinux2014_x86_64.whl", hash = "sha256:bd46a0e6296346c477e59a954da57beaf9c538da37b9df482e50f836e4a7d4bb"},
    {file = "pydantic-1.10.5-cp39-cp39-manylinux_2_5_i686.manylinux1_i686.manylinux_2_17_i686.manylinux2014_i686.whl", hash = "sha256:3353072625ea2a9a6c81ad01b91e5c07fa70deb06368c71307529abf70d23325"},
    {file = "pydantic-1.10.5-cp39-cp39-musllinux_1_1_i686.whl", hash = "sha256:3f9d9b2be177c3cb6027cd67fbf323586417868c06c3c85d0d101703136e6b31"},
    {file = "pydantic-1.10.5-cp39-cp39-musllinux_1_1_x86_64.whl", hash = "sha256:b473d00ccd5c2061fd896ac127b7755baad233f8d996ea288af14ae09f8e0d1e"},
    {file = "pydantic-1.10.5-cp39-cp39-win_amd64.whl", hash = "sha256:5f3bc8f103b56a8c88021d481410874b1f13edf6e838da607dcb57ecff9b4594"},
    {file = "pydantic-1.10.5-py3-none-any.whl", hash = "sha256:7c5b94d598c90f2f46b3a983ffb46ab806a67099d118ae0da7ef21a2a4033b28"},
    {file = "pydantic-1.10.5.tar.gz", hash = "sha256:9e337ac83686645a46db0e825acceea8e02fca4062483f40e9ae178e8bd1103a"},
]

[package.dependencies]
typing-extensions = ">=4.2.0"

[package.extras]
dotenv = ["python-dotenv (>=0.10.4)"]
email = ["email-validator (>=1.0.3)"]

[[package]]
name = "pytest"
version = "7.2.1"
description = "pytest: simple powerful testing with Python"
category = "dev"
optional = false
python-versions = ">=3.7"
files = [
    {file = "pytest-7.2.1-py3-none-any.whl", hash = "sha256:c7c6ca206e93355074ae32f7403e8ea12163b1163c976fee7d4d84027c162be5"},
    {file = "pytest-7.2.1.tar.gz", hash = "sha256:d45e0952f3727241918b8fd0f376f5ff6b301cc0777c6f9a556935c92d8a7d42"},
]

[package.dependencies]
attrs = ">=19.2.0"
colorama = {version = "*", markers = "sys_platform == \"win32\""}
exceptiongroup = {version = ">=1.0.0rc8", markers = "python_version < \"3.11\""}
iniconfig = "*"
packaging = "*"
pluggy = ">=0.12,<2.0"
tomli = {version = ">=1.0.0", markers = "python_version < \"3.11\""}

[package.extras]
testing = ["argcomplete", "hypothesis (>=3.56)", "mock", "nose", "pygments (>=2.7.2)", "requests", "xmlschema"]

[[package]]
name = "rfc3986"
version = "1.5.0"
description = "Validating URI References per RFC 3986"
category = "main"
optional = false
python-versions = "*"
files = [
    {file = "rfc3986-1.5.0-py2.py3-none-any.whl", hash = "sha256:a86d6e1f5b1dc238b218b012df0aa79409667bb209e58da56d0b94704e712a97"},
    {file = "rfc3986-1.5.0.tar.gz", hash = "sha256:270aaf10d87d0d4e095063c65bf3ddbc6ee3d0b226328ce21e036f946e421835"},
]

[package.dependencies]
idna = {version = "*", optional = true, markers = "extra == \"idna2008\""}

[package.extras]
idna2008 = ["idna"]

[[package]]
name = "sniffio"
version = "1.3.0"
description = "Sniff out which async library your code is running under"
category = "main"
optional = false
python-versions = ">=3.7"
files = [
    {file = "sniffio-1.3.0-py3-none-any.whl", hash = "sha256:eecefdce1e5bbfb7ad2eeaabf7c1eeb404d7757c379bd1f7e5cce9d8bf425384"},
    {file = "sniffio-1.3.0.tar.gz", hash = "sha256:e60305c5e5d314f5389259b7f22aaa33d8f7dee49763119234af3755c55b9101"},
]

[[package]]
name = "tomli"
version = "2.0.1"
description = "A lil' TOML parser"
category = "dev"
optional = false
python-versions = ">=3.7"
files = [
    {file = "tomli-2.0.1-py3-none-any.whl", hash = "sha256:939de3e7a6161af0c887ef91b7d41a53e7c5a1ca976325f429cb46ea9bc30ecc"},
    {file = "tomli-2.0.1.tar.gz", hash = "sha256:de526c12914f0c550d15924c62d72abc48d6fe7364aa87328337a31007fe8a4f"},
]

[[package]]
name = "tomlkit"
version = "0.11.6"
description = "Style preserving TOML library"
category = "main"
optional = false
python-versions = ">=3.6"
files = [
    {file = "tomlkit-0.11.6-py3-none-any.whl", hash = "sha256:07de26b0d8cfc18f871aec595fda24d95b08fef89d147caa861939f37230bf4b"},
    {file = "tomlkit-0.11.6.tar.gz", hash = "sha256:71b952e5721688937fb02cf9d354dbcf0785066149d2855e44531ebdd2b65d73"},
]

[[package]]
name = "typing-extensions"
version = "4.5.0"
description = "Backported and Experimental Type Hints for Python 3.7+"
category = "main"
optional = false
python-versions = ">=3.7"
files = [
    {file = "typing_extensions-4.5.0-py3-none-any.whl", hash = "sha256:fb33085c39dd998ac16d1431ebc293a8b3eedd00fd4a32de0ff79002c19511b4"},
    {file = "typing_extensions-4.5.0.tar.gz", hash = "sha256:5cb5f4a79139d699607b3ef622a1dedafa84e115ab0024e0d9c044a9479ca7cb"},
]

[metadata]
lock-version = "2.0"
python-versions = "^3.8"
content-hash = "5414ac88b345a10105dc93b406ecf759f44356157ee87f0fe44367daecf44fc5"
